# This file is generated by running "yarn install" inside your project.
# Manual changes might be lost - proceed with caution!

__metadata:
  version: 4

"@minorm/schema-tool@workspace:.":
  version: 0.0.0-use.local
  resolution: "@minorm/schema-tool@workspace:."
  peerDependencies:
    "@minorm/core": ^1.0.0
  languageName: unknown
  linkType: soft
